Microsoft Visual Studio Solution File, Format Version 11.00
# Visual Studio 2008

Project("{1CF16DFE-981F-CB4F-21A2-ECF4C95DA3D6}") = "sample-apps-unity3d", "Assembly-CSharp.csproj", "{9245D3EC-1133-6782-7C78-5E0468B52C3A}"
EndProject
Global
	GlobalSection(SolutionConfigurationPlatforms) = preSolution
		Debug|Any CPU = Debug|Any CPU
		Release|Any CPU = Release|Any CPU
	EndGlobalSection
	GlobalSection(ProjectConfigurationPlatforms) = postSolution
		{9245D3EC-1133-6782-7C78-5E0468B52C3A}.Debug|Any CPU.ActiveCfg = Debug|Any CPU
		{9245D3EC-1133-6782-7C78-5E0468B52C3A}.Debug|Any CPU.Build.0 = Debug|Any CPU
		{9245D3EC-1133-6782-7C78-5E0468B52C3A}.Release|Any CPU.ActiveCfg = Release|Any CPU
		{9245D3EC-1133-6782-7C78-5E0468B52C3A}.Release|Any CPU.Build.0 = Release|Any CPU
	EndGlobalSection
	GlobalSection(SolutionProperties) = preSolution
		HideSolutionNode = FALSE
	EndGlobalSection
	GlobalSection(MonoDevelopProperties) = preSolution
		StartupItem = Assembly-CSharp.csproj
	EndGlobalSection
EndGlobal
